// !$*UTF8*$!
{
	archiveVersion = 1;
	classes = {
	};
	objectVersion = 56;
	objects = {

/* Begin PBXBuildFile section */
		5C83C0302A7D3BF4002B5E41 /* SwiftUI_Piano_Recording_TaskApp.swift in Sources */ = {isa = PBXBuildFile; fileRef = 5C83C02F2A7D3BF4002B5E41 /* SwiftUI_Piano_Recording_TaskApp.swift */; };
		5C83C0322A7D3BF4002B5E41 /* ContentView.swift in Sources */ = {isa = PBXBuildFile; fileRef = 5C83C0312A7D3BF4002B5E41 /* ContentView.swift */; };
		5C83C0342A7D3BF5002B5E41 /* Assets.xcassets in Resources */ = {isa = PBXBuildFile; fileRef = 5C83C0332A7D3BF5002B5E41 /* Assets.xcassets */; };
		5C83C0382A7D3BF5002B5E41 /* Preview Assets.xcassets in Resources */ = {isa = PBXBuildFile; fileRef = 5C83C0372A7D3BF5002B5E41 /* Preview Assets.xcassets */; };
		5C83C0402A7D3CA9002B5E41 /* Piano.swift in Sources */ = {isa = PBXBuildFile; fileRef = 5C83C03F2A7D3CA9002B5E41 /* Piano.swift */; };
		5C83C0422A7D3D3E002B5E41 /* MusicalNote.swift in Sources */ = {isa = PBXBuildFile; fileRef = 5C83C0412A7D3D3E002B5E41 /* MusicalNote.swift */; };
		5C83C05C2A7D4C50002B5E41 /* acoustic_grand_piano-mp3-2-A4.mp3 in Resources */ = {isa = PBXBuildFile; fileRef = 5C83C0442A7D4C50002B5E41 /* acoustic_grand_piano-mp3-2-A4.mp3 */; };
		5C83C05D2A7D4C50002B5E41 /* acoustic_grand_piano-mp3-2-A3.mp3 in Resources */ = {isa = PBXBuildFile; fileRef = 5C83C0452A7D4C50002B5E41 /* acoustic_grand_piano-mp3-2-A3.mp3 */; };
		5C83C05E2A7D4C50002B5E41 /* acoustic_grand_piano-mp3-2-F3.mp3 in Resources */ = {isa = PBXBuildFile; fileRef = 5C83C0462A7D4C50002B5E41 /* acoustic_grand_piano-mp3-2-F3.mp3 */; };
		5C83C05F2A7D4C50002B5E41 /* acoustic_grand_piano-mp3-2-G4.mp3 in Resources */ = {isa = PBXBuildFile; fileRef = 5C83C0472A7D4C50002B5E41 /* acoustic_grand_piano-mp3-2-G4.mp3 */; };
		5C83C0602A7D4C50002B5E41 /* acoustic_grand_piano-mp3-2-F4.mp3 in Resources */ = {isa = PBXBuildFile; fileRef = 5C83C0482A7D4C50002B5E41 /* acoustic_grand_piano-mp3-2-F4.mp3 */; };
		5C83C0612A7D4C50002B5E41 /* acoustic_grand_piano-mp3-2-G3.mp3 in Resources */ = {isa = PBXBuildFile; fileRef = 5C83C0492A7D4C50002B5E41 /* acoustic_grand_piano-mp3-2-G3.mp3 */; };
		5C83C0622A7D4C50002B5E41 /* acoustic_grand_piano-mp3-2-G#3.mp3 in Resources */ = {isa = PBXBuildFile; fileRef = 5C83C04A2A7D4C50002B5E41 /* acoustic_grand_piano-mp3-2-G#3.mp3 */; };
		5C83C0632A7D4C50002B5E41 /* acoustic_grand_piano-mp3-2-D3.mp3 in Resources */ = {isa = PBXBuildFile; fileRef = 5C83C04B2A7D4C50002B5E41 /* acoustic_grand_piano-mp3-2-D3.mp3 */; };
		5C83C0642A7D4C50002B5E41 /* acoustic_grand_piano-mp3-2-A#4.mp3 in Resources */ = {isa = PBXBuildFile; fileRef = 5C83C04C2A7D4C50002B5E41 /* acoustic_grand_piano-mp3-2-A#4.mp3 */; };
		5C83C0652A7D4C50002B5E41 /* acoustic_grand_piano-mp3-2-C#4.mp3 in Resources */ = {isa = PBXBuildFile; fileRef = 5C83C04D2A7D4C50002B5E41 /* acoustic_grand_piano-mp3-2-C#4.mp3 */; };
		5C83C0662A7D4C50002B5E41 /* acoustic_grand_piano-mp3-2-E4.mp3 in Resources */ = {isa = PBXBuildFile; fileRef = 5C83C04E2A7D4C50002B5E41 /* acoustic_grand_piano-mp3-2-E4.mp3 */; };
		5C83C0672A7D4C50002B5E41 /* acoustic_grand_piano-mp3-2-D4.mp3 in Resources */ = {isa = PBXBuildFile; fileRef = 5C83C04F2A7D4C50002B5E41 /* acoustic_grand_piano-mp3-2-D4.mp3 */; };
		5C83C0682A7D4C50002B5E41 /* acoustic_grand_piano-mp3-2-A#3.mp3 in Resources */ = {isa = PBXBuildFile; fileRef = 5C83C0502A7D4C50002B5E41 /* acoustic_grand_piano-mp3-2-A#3.mp3 */; };
		5C83C0692A7D4C50002B5E41 /* acoustic_grand_piano-mp3-2-G#4.mp3 in Resources */ = {isa = PBXBuildFile; fileRef = 5C83C0512A7D4C50002B5E41 /* acoustic_grand_piano-mp3-2-G#4.mp3 */; };
		5C83C06A2A7D4C50002B5E41 /* acoustic_grand_piano-mp3-2-E3.mp3 in Resources */ = {isa = PBXBuildFile; fileRef = 5C83C0522A7D4C50002B5E41 /* acoustic_grand_piano-mp3-2-E3.mp3 */; };
		5C83C06B2A7D4C50002B5E41 /* acoustic_grand_piano-mp3-2-C#3.mp3 in Resources */ = {isa = PBXBuildFile; fileRef = 5C83C0532A7D4C50002B5E41 /* acoustic_grand_piano-mp3-2-C#3.mp3 */; };
		5C83C06C2A7D4C50002B5E41 /* acoustic_grand_piano-mp3-2-D#3.mp3 in Resources */ = {isa = PBXBuildFile; fileRef = 5C83C0542A7D4C50002B5E41 /* acoustic_grand_piano-mp3-2-D#3.mp3 */; };
		5C83C06D2A7D4C50002B5E41 /* acoustic_grand_piano-mp3-2-C4.mp3 in Resources */ = {isa = PBXBuildFile; fileRef = 5C83C0552A7D4C50002B5E41 /* acoustic_grand_piano-mp3-2-C4.mp3 */; };
		5C83C06E2A7D4C50002B5E41 /* acoustic_grand_piano-mp3-2-F#3.mp3 in Resources */ = {isa = PBXBuildFile; fileRef = 5C83C0562A7D4C50002B5E41 /* acoustic_grand_piano-mp3-2-F#3.mp3 */; };
		5C83C06F2A7D4C50002B5E41 /* acoustic_grand_piano-mp3-2-B3.mp3 in Resources */ = {isa = PBXBuildFile; fileRef = 5C83C0572A7D4C50002B5E41 /* acoustic_grand_piano-mp3-2-B3.mp3 */; };
		5C83C0702A7D4C50002B5E41 /* acoustic_grand_piano-mp3-2-C3.mp3 in Resources */ = {isa = PBXBuildFile; fileRef = 5C83C0582A7D4C50002B5E41 /* acoustic_grand_piano-mp3-2-C3.mp3 */; };
		5C83C0712A7D4C50002B5E41 /* acoustic_grand_piano-mp3-2-D#4.mp3 in Resources */ = {isa = PBXBuildFile; fileRef = 5C83C0592A7D4C50002B5E41 /* acoustic_grand_piano-mp3-2-D#4.mp3 */; };
		5C83C0722A7D4C50002B5E41 /* acoustic_grand_piano-mp3-2-B4.mp3 in Resources */ = {isa = PBXBuildFile; fileRef = 5C83C05A2A7D4C50002B5E41 /* acoustic_grand_piano-mp3-2-B4.mp3 */; };
		5C83C0732A7D4C50002B5E41 /* acoustic_grand_piano-mp3-2-F#4.mp3 in Resources */ = {isa = PBXBuildFile; fileRef = 5C83C05B2A7D4C50002B5E41 /* acoustic_grand_piano-mp3-2-F#4.mp3 */; };
		5CEA59732A8A7CEB00C72165 /* GraphQLClient.swift in Sources */ = {isa = PBXBuildFile; fileRef = 5CEA59722A8A7CEB00C72165 /* GraphQLClient.swift */; };
		5CEA59752A8A82B900C72165 /* Queries.swift in Sources */ = {isa = PBXBuildFile; fileRef = 5CEA59742A8A82B900C72165 /* Queries.swift */; };
		61FB08DF2A8A648700ED5E67 /* PianoKey.swift in Sources */ = {isa = PBXBuildFile; fileRef = 61FB08DE2A8A648700ED5E67 /* PianoKey.swift */; };
/* End PBXBuildFile section */

/* Begin PBXFileReference section */
		5C83C02C2A7D3BF4002B5E41 /* SwiftUI Piano Recording Task.app */ = {isa = PBXFileReference; explicitFileType = wrapper.application; includeInIndex = 0; path = "SwiftUI Piano Recording Task.app"; sourceTree = BUILT_PRODUCTS_DIR; };
		5C83C02F2A7D3BF4002B5E41 /* SwiftUI_Piano_Recording_TaskApp.swift */ = {isa = PBXFileReference; lastKnownFileType = sourcecode.swift; path = SwiftUI_Piano_Recording_TaskApp.swift; sourceTree = "<group>"; };
		5C83C0312A7D3BF4002B5E41 /* ContentView.swift */ = {isa = PBXFileReference; lastKnownFileType = sourcecode.swift; path = ContentView.swift; sourceTree = "<group>"; };
		5C83C0332A7D3BF5002B5E41 /* Assets.xcassets */ = {isa = PBXFileReference; lastKnownFileType = folder.assetcatalog; path = Assets.xcassets; sourceTree = "<group>"; };
		5C83C0352A7D3BF5002B5E41 /* SwiftUI_Piano_Recording_Task.entitlements */ = {isa = PBXFileReference; lastKnownFileType = text.plist.entitlements; path = SwiftUI_Piano_Recording_Task.entitlements; sourceTree = "<group>"; };
		5C83C0372A7D3BF5002B5E41 /* Preview Assets.xcassets */ = {isa = PBXFileReference; lastKnownFileType = folder.assetcatalog; path = "Preview Assets.xcassets"; sourceTree = "<group>"; };
		5C83C03F2A7D3CA9002B5E41 /* Piano.swift */ = {isa = PBXFileReference; lastKnownFileType = sourcecode.swift; path = Piano.swift; sourceTree = "<group>"; };
		5C83C0412A7D3D3E002B5E41 /* MusicalNote.swift */ = {isa = PBXFileReference; lastKnownFileType = sourcecode.swift; path = MusicalNote.swift; sourceTree = "<group>"; };
		5C83C0442A7D4C50002B5E41 /* acoustic_grand_piano-mp3-2-A4.mp3 */ = {isa = PBXFileReference; lastKnownFileType = audio.mp3; path = "acoustic_grand_piano-mp3-2-A4.mp3"; sourceTree = "<group>"; };
		5C83C0452A7D4C50002B5E41 /* acoustic_grand_piano-mp3-2-A3.mp3 */ = {isa = PBXFileReference; lastKnownFileType = audio.mp3; path = "acoustic_grand_piano-mp3-2-A3.mp3"; sourceTree = "<group>"; };
		5C83C0462A7D4C50002B5E41 /* acoustic_grand_piano-mp3-2-F3.mp3 */ = {isa = PBXFileReference; lastKnownFileType = audio.mp3; path = "acoustic_grand_piano-mp3-2-F3.mp3"; sourceTree = "<group>"; };
		5C83C0472A7D4C50002B5E41 /* acoustic_grand_piano-mp3-2-G4.mp3 */ = {isa = PBXFileReference; lastKnownFileType = audio.mp3; path = "acoustic_grand_piano-mp3-2-G4.mp3"; sourceTree = "<group>"; };
		5C83C0482A7D4C50002B5E41 /* acoustic_grand_piano-mp3-2-F4.mp3 */ = {isa = PBXFileReference; lastKnownFileType = audio.mp3; path = "acoustic_grand_piano-mp3-2-F4.mp3"; sourceTree = "<group>"; };
		5C83C0492A7D4C50002B5E41 /* acoustic_grand_piano-mp3-2-G3.mp3 */ = {isa = PBXFileReference; lastKnownFileType = audio.mp3; path = "acoustic_grand_piano-mp3-2-G3.mp3"; sourceTree = "<group>"; };
		5C83C04A2A7D4C50002B5E41 /* acoustic_grand_piano-mp3-2-G#3.mp3 */ = {isa = PBXFileReference; lastKnownFileType = audio.mp3; path = "acoustic_grand_piano-mp3-2-G#3.mp3"; sourceTree = "<group>"; };
		5C83C04B2A7D4C50002B5E41 /* acoustic_grand_piano-mp3-2-D3.mp3 */ = {isa = PBXFileReference; lastKnownFileType = audio.mp3; path = "acoustic_grand_piano-mp3-2-D3.mp3"; sourceTree = "<group>"; };
		5C83C04C2A7D4C50002B5E41 /* acoustic_grand_piano-mp3-2-A#4.mp3 */ = {isa = PBXFileReference; lastKnownFileType = audio.mp3; path = "acoustic_grand_piano-mp3-2-A#4.mp3"; sourceTree = "<group>"; };
		5C83C04D2A7D4C50002B5E41 /* acoustic_grand_piano-mp3-2-C#4.mp3 */ = {isa = PBXFileReference; lastKnownFileType = audio.mp3; path = "acoustic_grand_piano-mp3-2-C#4.mp3"; sourceTree = "<group>"; };
		5C83C04E2A7D4C50002B5E41 /* acoustic_grand_piano-mp3-2-E4.mp3 */ = {isa = PBXFileReference; lastKnownFileType = audio.mp3; path = "acoustic_grand_piano-mp3-2-E4.mp3"; sourceTree = "<group>"; };
		5C83C04F2A7D4C50002B5E41 /* acoustic_grand_piano-mp3-2-D4.mp3 */ = {isa = PBXFileReference; lastKnownFileType = audio.mp3; path = "acoustic_grand_piano-mp3-2-D4.mp3"; sourceTree = "<group>"; };
		5C83C0502A7D4C50002B5E41 /* acoustic_grand_piano-mp3-2-A#3.mp3 */ = {isa = PBXFileReference; lastKnownFileType = audio.mp3; path = "acoustic_grand_piano-mp3-2-A#3.mp3"; sourceTree = "<group>"; };
		5C83C0512A7D4C50002B5E41 /* acoustic_grand_piano-mp3-2-G#4.mp3 */ = {isa = PBXFileReference; lastKnownFileType = audio.mp3; path = "acoustic_grand_piano-mp3-2-G#4.mp3"; sourceTree = "<group>"; };
		5C83C0522A7D4C50002B5E41 /* acoustic_grand_piano-mp3-2-E3.mp3 */ = {isa = PBXFileReference; lastKnownFileType = audio.mp3; path = "acoustic_grand_piano-mp3-2-E3.mp3"; sourceTree = "<group>"; };
		5C83C0532A7D4C50002B5E41 /* acoustic_grand_piano-mp3-2-C#3.mp3 */ = {isa = PBXFileReference; lastKnownFileType = audio.mp3; path = "acoustic_grand_piano-mp3-2-C#3.mp3"; sourceTree = "<group>"; };
		5C83C0542A7D4C50002B5E41 /* acoustic_grand_piano-mp3-2-D#3.mp3 */ = {isa = PBXFileReference; lastKnownFileType = audio.mp3; path = "acoustic_grand_piano-mp3-2-D#3.mp3"; sourceTree = "<group>"; };
		5C83C0552A7D4C50002B5E41 /* acoustic_grand_piano-mp3-2-C4.mp3 */ = {isa = PBXFileReference; lastKnownFileType = audio.mp3; path = "acoustic_grand_piano-mp3-2-C4.mp3"; sourceTree = "<group>"; };
		5C83C0562A7D4C50002B5E41 /* acoustic_grand_piano-mp3-2-F#3.mp3 */ = {isa = PBXFileReference; lastKnownFileType = audio.mp3; path = "acoustic_grand_piano-mp3-2-F#3.mp3"; sourceTree = "<group>"; };
		5C83C0572A7D4C50002B5E41 /* acoustic_grand_piano-mp3-2-B3.mp3 */ = {isa = PBXFileReference; lastKnownFileType = audio.mp3; path = "acoustic_grand_piano-mp3-2-B3.mp3"; sourceTree = "<group>"; };
		5C83C0582A7D4C50002B5E41 /* acoustic_grand_piano-mp3-2-C3.mp3 */ = {isa = PBXFileReference; lastKnownFileType = audio.mp3; path = "acoustic_grand_piano-mp3-2-C3.mp3"; sourceTree = "<group>"; };
		5C83C0592A7D4C50002B5E41 /* acoustic_grand_piano-mp3-2-D#4.mp3 */ = {isa = PBXFileReference; lastKnownFileType = audio.mp3; path = "acoustic_grand_piano-mp3-2-D#4.mp3"; sourceTree = "<group>"; };
		5C83C05A2A7D4C50002B5E41 /* acoustic_grand_piano-mp3-2-B4.mp3 */ = {isa = PBXFileReference; lastKnownFileType = audio.mp3; path = "acoustic_grand_piano-mp3-2-B4.mp3"; sourceTree = "<group>"; };
		5C83C05B2A7D4C50002B5E41 /* acoustic_grand_piano-mp3-2-F#4.mp3 */ = {isa = PBXFileReference; lastKnownFileType = audio.mp3; path = "acoustic_grand_piano-mp3-2-F#4.mp3"; sourceTree = "<group>"; };
		5CEA59722A8A7CEB00C72165 /* GraphQLClient.swift */ = {isa = PBXFileReference; lastKnownFileType = sourcecode.swift; path = GraphQLClient.swift; sourceTree = "<group>"; };
		5CEA59742A8A82B900C72165 /* Queries.swift */ = {isa = PBXFileReference; lastKnownFileType = sourcecode.swift; path = Queries.swift; sourceTree = "<group>"; };
		61FB08DE2A8A648700ED5E67 /* PianoKey.swift */ = {isa = PBXFileReference; lastKnownFileType = sourcecode.swift; path = PianoKey.swift; sourceTree = "<group>"; };
		61FB08E02A8A89F800ED5E67 /* SwiftUI-Piano-Recording-Task-Info.plist */ = {isa = PBXFileReference; lastKnownFileType = text.plist; path = "SwiftUI-Piano-Recording-Task-Info.plist"; sourceTree = SOURCE_ROOT; };
/* End PBXFileReference section */

/* Begin PBXFrameworksBuildPhase section */
		5C83C0292A7D3BF4002B5E41 /* Frameworks */ = {
			isa = PBXFrameworksBuildPhase;
			buildActionMask = 2147483647;
			files = (
			);
			runOnlyForDeploymentPostprocessing = 0;
		};
/* End PBXFrameworksBuildPhase section */

/* Begin PBXGroup section */
		5C83C0232A7D3BF4002B5E41 = {
			isa = PBXGroup;
			children = (
				5C83C02E2A7D3BF4002B5E41 /* SwiftUI Piano Recording Task */,
				5C83C02D2A7D3BF4002B5E41 /* Products */,
			);
			sourceTree = "<group>";
		};
		5C83C02D2A7D3BF4002B5E41 /* Products */ = {
			isa = PBXGroup;
			children = (
				5C83C02C2A7D3BF4002B5E41 /* SwiftUI Piano Recording Task.app */,
			);
			name = Products;
			sourceTree = "<group>";
		};
		5C83C02E2A7D3BF4002B5E41 /* SwiftUI Piano Recording Task */ = {
			isa = PBXGroup;
			children = (
				61FB08E02A8A89F800ED5E67 /* SwiftUI-Piano-Recording-Task-Info.plist */,
				5C83C0352A7D3BF5002B5E41 /* SwiftUI_Piano_Recording_Task.entitlements */,
				5C83C0312A7D3BF4002B5E41 /* ContentView.swift */,
				5C83C0412A7D3D3E002B5E41 /* MusicalNote.swift */,
				5C83C03F2A7D3CA9002B5E41 /* Piano.swift */,
				61FB08DE2A8A648700ED5E67 /* PianoKey.swift */,
				5C83C02F2A7D3BF4002B5E41 /* SwiftUI_Piano_Recording_TaskApp.swift */,
				5C83C0332A7D3BF5002B5E41 /* Assets.xcassets */,
				5C83C0432A7D4C50002B5E41 /* Sounds */,
				5C83C0362A7D3BF5002B5E41 /* Preview Content */,
				5CEA59722A8A7CEB00C72165 /* GraphQLClient.swift */,
				5CEA59742A8A82B900C72165 /* Queries.swift */,
			);
			path = "SwiftUI Piano Recording Task";
			sourceTree = "<group>";
		};
		5C83C0362A7D3BF5002B5E41 /* Preview Content */ = {
			isa = PBXGroup;
			children = (
				5C83C0372A7D3BF5002B5E41 /* Preview Assets.xcassets */,
			);
			path = "Preview Content";
			sourceTree = "<group>";
		};
		5C83C0432A7D4C50002B5E41 /* Sounds */ = {
			isa = PBXGroup;
			children = (
				5C83C0442A7D4C50002B5E41 /* acoustic_grand_piano-mp3-2-A4.mp3 */,
				5C83C0452A7D4C50002B5E41 /* acoustic_grand_piano-mp3-2-A3.mp3 */,
				5C83C0462A7D4C50002B5E41 /* acoustic_grand_piano-mp3-2-F3.mp3 */,
				5C83C0472A7D4C50002B5E41 /* acoustic_grand_piano-mp3-2-G4.mp3 */,
				5C83C0482A7D4C50002B5E41 /* acoustic_grand_piano-mp3-2-F4.mp3 */,
				5C83C0492A7D4C50002B5E41 /* acoustic_grand_piano-mp3-2-G3.mp3 */,
				5C83C04A2A7D4C50002B5E41 /* acoustic_grand_piano-mp3-2-G#3.mp3 */,
				5C83C04B2A7D4C50002B5E41 /* acoustic_grand_piano-mp3-2-D3.mp3 */,
				5C83C04C2A7D4C50002B5E41 /* acoustic_grand_piano-mp3-2-A#4.mp3 */,
				5C83C04D2A7D4C50002B5E41 /* acoustic_grand_piano-mp3-2-C#4.mp3 */,
				5C83C04E2A7D4C50002B5E41 /* acoustic_grand_piano-mp3-2-E4.mp3 */,
				5C83C04F2A7D4C50002B5E41 /* acoustic_grand_piano-mp3-2-D4.mp3 */,
				5C83C0502A7D4C50002B5E41 /* acoustic_grand_piano-mp3-2-A#3.mp3 */,
				5C83C0512A7D4C50002B5E41 /* acoustic_grand_piano-mp3-2-G#4.mp3 */,
				5C83C0522A7D4C50002B5E41 /* acoustic_grand_piano-mp3-2-E3.mp3 */,
				5C83C0532A7D4C50002B5E41 /* acoustic_grand_piano-mp3-2-C#3.mp3 */,
				5C83C0542A7D4C50002B5E41 /* acoustic_grand_piano-mp3-2-D#3.mp3 */,
				5C83C0552A7D4C50002B5E41 /* acoustic_grand_piano-mp3-2-C4.mp3 */,
				5C83C0562A7D4C50002B5E41 /* acoustic_grand_piano-mp3-2-F#3.mp3 */,
				5C83C0572A7D4C50002B5E41 /* acoustic_grand_piano-mp3-2-B3.mp3 */,
				5C83C0582A7D4C50002B5E41 /* acoustic_grand_piano-mp3-2-C3.mp3 */,
				5C83C0592A7D4C50002B5E41 /* acoustic_grand_piano-mp3-2-D#4.mp3 */,
				5C83C05A2A7D4C50002B5E41 /* acoustic_grand_piano-mp3-2-B4.mp3 */,
				5C83C05B2A7D4C50002B5E41 /* acoustic_grand_piano-mp3-2-F#4.mp3 */,
			);
			path = Sounds;
			sourceTree = "<group>";
		};
/* End PBXGroup section */

/* Begin PBXNativeTarget section */
		5C83C02B2A7D3BF4002B5E41 /* SwiftUI Piano Recording Task */ = {
			isa = PBXNativeTarget;
			buildConfigurationList = 5C83C03B2A7D3BF5002B5E41 /* Build configuration list for PBXNativeTarget "SwiftUI Piano Recording Task" */;
			buildPhases = (
				5C83C0282A7D3BF4002B5E41 /* Sources */,
				5C83C0292A7D3BF4002B5E41 /* Frameworks */,
				5C83C02A2A7D3BF4002B5E41 /* Resources */,
			);
			buildRules = (
			);
			dependencies = (
			);
			name = "SwiftUI Piano Recording Task";
			productName = "SwiftUI Piano Recording Task";
			productReference = 5C83C02C2A7D3BF4002B5E41 /* SwiftUI Piano Recording Task.app */;
			productType = "com.apple.product-type.application";
		};
/* End PBXNativeTarget section */

/* Begin PBXProject section */
		5C83C0242A7D3BF4002B5E41 /* Project object */ = {
			isa = PBXProject;
			attributes = {
				BuildIndependentTargetsInParallel = 1;
				LastSwiftUpdateCheck = 1430;
				LastUpgradeCheck = 1430;
				TargetAttributes = {
					5C83C02B2A7D3BF4002B5E41 = {
						CreatedOnToolsVersion = 14.3.1;
					};
				};
			};
			buildConfigurationList = 5C83C0272A7D3BF4002B5E41 /* Build configuration list for PBXProject "SwiftUI Piano Recording Task" */;
			compatibilityVersion = "Xcode 14.0";
			developmentRegion = en;
			hasScannedForEncodings = 0;
			knownRegions = (
				en,
				Base,
			);
			mainGroup = 5C83C0232A7D3BF4002B5E41;
			productRefGroup = 5C83C02D2A7D3BF4002B5E41 /* Products */;
			projectDirPath = "";
			projectRoot = "";
			targets = (
				5C83C02B2A7D3BF4002B5E41 /* SwiftUI Piano Recording Task */,
			);
		};
/* End PBXProject section */

/* Begin PBXResourcesBuildPhase section */
		5C83C02A2A7D3BF4002B5E41 /* Resources */ = {
			isa = PBXResourcesBuildPhase;
			buildActionMask = 2147483647;
			files = (
				5C83C0732A7D4C50002B5E41 /* acoustic_grand_piano-mp3-2-F#4.mp3 in Resources */,
				5C83C05D2A7D4C50002B5E41 /* acoustic_grand_piano-mp3-2-A3.mp3 in Resources */,
				5C83C0602A7D4C50002B5E41 /* acoustic_grand_piano-mp3-2-F4.mp3 in Resources */,
				5C83C06C2A7D4C50002B5E41 /* acoustic_grand_piano-mp3-2-D#3.mp3 in Resources */,
				5C83C06F2A7D4C50002B5E41 /* acoustic_grand_piano-mp3-2-B3.mp3 in Resources */,
				5C83C0662A7D4C50002B5E41 /* acoustic_grand_piano-mp3-2-E4.mp3 in Resources */,
				5C83C0612A7D4C50002B5E41 /* acoustic_grand_piano-mp3-2-G3.mp3 in Resources */,
				5C83C06D2A7D4C50002B5E41 /* acoustic_grand_piano-mp3-2-C4.mp3 in Resources */,
				5C83C0702A7D4C50002B5E41 /* acoustic_grand_piano-mp3-2-C3.mp3 in Resources */,
				5C83C0382A7D3BF5002B5E41 /* Preview Assets.xcassets in Resources */,
				5C83C05E2A7D4C50002B5E41 /* acoustic_grand_piano-mp3-2-F3.mp3 in Resources */,
				5C83C0622A7D4C50002B5E41 /* acoustic_grand_piano-mp3-2-G#3.mp3 in Resources */,
				5C83C0342A7D3BF5002B5E41 /* Assets.xcassets in Resources */,
				5C83C0682A7D4C50002B5E41 /* acoustic_grand_piano-mp3-2-A#3.mp3 in Resources */,
				5C83C0652A7D4C50002B5E41 /* acoustic_grand_piano-mp3-2-C#4.mp3 in Resources */,
				5C83C0632A7D4C50002B5E41 /* acoustic_grand_piano-mp3-2-D3.mp3 in Resources */,
				5C83C05C2A7D4C50002B5E41 /* acoustic_grand_piano-mp3-2-A4.mp3 in Resources */,
				5C83C0712A7D4C50002B5E41 /* acoustic_grand_piano-mp3-2-D#4.mp3 in Resources */,
				5C83C0642A7D4C50002B5E41 /* acoustic_grand_piano-mp3-2-A#4.mp3 in Resources */,
				5C83C0672A7D4C50002B5E41 /* acoustic_grand_piano-mp3-2-D4.mp3 in Resources */,
				5C83C06B2A7D4C50002B5E41 /* acoustic_grand_piano-mp3-2-C#3.mp3 in Resources */,
				5C83C0722A7D4C50002B5E41 /* acoustic_grand_piano-mp3-2-B4.mp3 in Resources */,
				5C83C05F2A7D4C50002B5E41 /* acoustic_grand_piano-mp3-2-G4.mp3 in Resources */,
				5C83C06A2A7D4C50002B5E41 /* acoustic_grand_piano-mp3-2-E3.mp3 in Resources */,
				5C83C0692A7D4C50002B5E41 /* acoustic_grand_piano-mp3-2-G#4.mp3 in Resources */,
				5C83C06E2A7D4C50002B5E41 /* acoustic_grand_piano-mp3-2-F#3.mp3 in Resources */,
			);
			runOnlyForDeploymentPostprocessing = 0;
		};
/* End PBXResourcesBuildPhase section */

/* Begin PBXSourcesBuildPhase section */
		5C83C0282A7D3BF4002B5E41 /* Sources */ = {
			isa = PBXSourcesBuildPhase;
			buildActionMask = 2147483647;
			files = (
				5CEA59732A8A7CEB00C72165 /* GraphQLClient.swift in Sources */,
				61FB08DF2A8A648700ED5E67 /* PianoKey.swift in Sources */,
				5CEA59752A8A82B900C72165 /* Queries.swift in Sources */,
				5C83C0422A7D3D3E002B5E41 /* MusicalNote.swift in Sources */,
				5C83C0322A7D3BF4002B5E41 /* ContentView.swift in Sources */,
				5C83C0302A7D3BF4002B5E41 /* SwiftUI_Piano_Recording_TaskApp.swift in Sources */,
				5C83C0402A7D3CA9002B5E41 /* Piano.swift in Sources */,
			);
			runOnlyForDeploymentPostprocessing = 0;
		};
/* End PBXSourcesBuildPhase section */

/* Begin XCBuildConfiguration section */
		5C83C0392A7D3BF5002B5E41 /* Debug */ = {
			isa = XCBuildConfiguration;
			buildSettings = {
				ALWAYS_SEARCH_USER_PATHS = NO;
				CLANG_ANALYZER_NONNULL = YES;
				CLANG_ANALYZER_NUMBER_OBJECT_CONVERSION = YES_AGGRESSIVE;
				CLANG_CXX_LANGUAGE_STANDARD = "gnu++20";
				CLANG_ENABLE_MODULES = YES;
				CLANG_ENABLE_OBJC_ARC = YES;
				CLANG_ENABLE_OBJC_WEAK = YES;
				CLANG_WARN_BLOCK_CAPTURE_AUTORELEASING = YES;
				CLANG_WARN_BOOL_CONVERSION = YES;
				CLANG_WARN_COMMA = YES;
				CLANG_WARN_CONSTANT_CONVERSION = YES;
				CLANG_WARN_DEPRECATED_OBJC_IMPLEMENTATIONS = YES;
				CLANG_WARN_DIRECT_OBJC_ISA_USAGE = YES_ERROR;
				CLANG_WARN_DOCUMENTATION_COMMENTS = YES;
				CLANG_WARN_EMPTY_BODY = YES;
				CLANG_WARN_ENUM_CONVERSION = YES;
				CLANG_WARN_INFINITE_RECURSION = YES;
				CLANG_WARN_INT_CONVERSION = YES;
				CLANG_WARN_NON_LITERAL_NULL_CONVERSION = YES;
				CLANG_WARN_OBJC_IMPLICIT_RETAIN_SELF = YES;
				CLANG_WARN_OBJC_LITERAL_CONVERSION = YES;
				CLANG_WARN_OBJC_ROOT_CLASS = YES_ERROR;
				CLANG_WARN_QUOTED_INCLUDE_IN_FRAMEWORK_HEADER = YES;
				CLANG_WARN_RANGE_LOOP_ANALYSIS = YES;
				CLANG_WARN_STRICT_PROTOTYPES = YES;
				CLANG_WARN_SUSPICIOUS_MOVE = YES;
				CLANG_WARN_UNGUARDED_AVAILABILITY = YES_AGGRESSIVE;
				CLANG_WARN_UNREACHABLE_CODE = YES;
				CLANG_WARN__DUPLICATE_METHOD_MATCH = YES;
				COPY_PHASE_STRIP = NO;
				DEBUG_INFORMATION_FORMAT = dwarf;
				ENABLE_STRICT_OBJC_MSGSEND = YES;
				ENABLE_TESTABILITY = YES;
				GCC_C_LANGUAGE_STANDARD = gnu11;
				GCC_DYNAMIC_NO_PIC = NO;
				GCC_NO_COMMON_BLOCKS = YES;
				GCC_OPTIMIZATION_LEVEL = 0;
				GCC_PREPROCESSOR_DEFINITIONS = (
					"DEBUG=1",
					"$(inherited)",
				);
				GCC_WARN_64_TO_32_BIT_CONVERSION = YES;
				GCC_WARN_ABOUT_RETURN_TYPE = YES_ERROR;
				GCC_WARN_UNDECLARED_SELECTOR = YES;
				GCC_WARN_UNINITIALIZED_AUTOS = YES_AGGRESSIVE;
				GCC_WARN_UNUSED_FUNCTION = YES;
				GCC_WARN_UNUSED_VARIABLE = YES;
				MTL_ENABLE_DEBUG_INFO = INCLUDE_SOURCE;
				MTL_FAST_MATH = YES;
				ONLY_ACTIVE_ARCH = YES;
				SWIFT_ACTIVE_COMPILATION_CONDITIONS = DEBUG;
				SWIFT_OPTIMIZATION_LEVEL = "-Onone";
			};
			name = Debug;
		};
		5C83C03A2A7D3BF5002B5E41 /* Release */ = {
			isa = XCBuildConfiguration;
			buildSettings = {
				ALWAYS_SEARCH_USER_PATHS = NO;
				CLANG_ANALYZER_NONNULL = YES;
				CLANG_ANALYZER_NUMBER_OBJECT_CONVERSION = YES_AGGRESSIVE;
				CLANG_CXX_LANGUAGE_STANDARD = "gnu++20";
				CLANG_ENABLE_MODULES = YES;
				CLANG_ENABLE_OBJC_ARC = YES;
				CLANG_ENABLE_OBJC_WEAK = YES;
				CLANG_WARN_BLOCK_CAPTURE_AUTORELEASING = YES;
				CLANG_WARN_BOOL_CONVERSION = YES;
				CLANG_WARN_COMMA = YES;
				CLANG_WARN_CONSTANT_CONVERSION = YES;
				CLANG_WARN_DEPRECATED_OBJC_IMPLEMENTATIONS = YES;
				CLANG_WARN_DIRECT_OBJC_ISA_USAGE = YES_ERROR;
				CLANG_WARN_DOCUMENTATION_COMMENTS = YES;
				CLANG_WARN_EMPTY_BODY = YES;
				CLANG_WARN_ENUM_CONVERSION = YES;
				CLANG_WARN_INFINITE_RECURSION = YES;
				CLANG_WARN_INT_CONVERSION = YES;
				CLANG_WARN_NON_LITERAL_NULL_CONVERSION = YES;
				CLANG_WARN_OBJC_IMPLICIT_RETAIN_SELF = YES;
				CLANG_WARN_OBJC_LITERAL_CONVERSION = YES;
				CLANG_WARN_OBJC_ROOT_CLASS = YES_ERROR;
				CLANG_WARN_QUOTED_INCLUDE_IN_FRAMEWORK_HEADER = YES;
				CLANG_WARN_RANGE_LOOP_ANALYSIS = YES;
				CLANG_WARN_STRICT_PROTOTYPES = YES;
				CLANG_WARN_SUSPICIOUS_MOVE = YES;
				CLANG_WARN_UNGUARDED_AVAILABILITY = YES_AGGRESSIVE;
				CLANG_WARN_UNREACHABLE_CODE = YES;
				CLANG_WARN__DUPLICATE_METHOD_MATCH = YES;
				COPY_PHASE_STRIP = NO;
				DEBUG_INFORMATION_FORMAT = "dwarf-with-dsym";
				ENABLE_NS_ASSERTIONS = NO;
				ENABLE_STRICT_OBJC_MSGSEND = YES;
				GCC_C_LANGUAGE_STANDARD = gnu11;
				GCC_NO_COMMON_BLOCKS = YES;
				GCC_WARN_64_TO_32_BIT_CONVERSION = YES;
				GCC_WARN_ABOUT_RETURN_TYPE = YES_ERROR;
				GCC_WARN_UNDECLARED_SELECTOR = YES;
				GCC_WARN_UNINITIALIZED_AUTOS = YES_AGGRESSIVE;
				GCC_WARN_UNUSED_FUNCTION = YES;
				GCC_WARN_UNUSED_VARIABLE = YES;
				MTL_ENABLE_DEBUG_INFO = NO;
				MTL_FAST_MATH = YES;
				SWIFT_COMPILATION_MODE = wholemodule;
				SWIFT_OPTIMIZATION_LEVEL = "-O";
			};
			name = Release;
		};
		5C83C03C2A7D3BF5002B5E41 /* Debug */ = {
			isa = XCBuildConfiguration;
			buildSettings = {
				ASSETCATALOG_COMPILER_APPICON_NAME = AppIcon;
				ASSETCATALOG_COMPILER_GLOBAL_ACCENT_COLOR_NAME = AccentColor;
				CODE_SIGN_ENTITLEMENTS = "SwiftUI Piano Recording Task/SwiftUI_Piano_Recording_Task.entitlements";
				CODE_SIGN_STYLE = Automatic;
				CURRENT_PROJECT_VERSION = 1;
				DEVELOPMENT_ASSET_PATHS = "\"SwiftUI Piano Recording Task/Preview Content\"";
				DEVELOPMENT_TEAM = FTSYMMN5B5;
				ENABLE_HARDENED_RUNTIME = YES;
				ENABLE_PREVIEWS = YES;
				GENERATE_INFOPLIST_FILE = YES;
				INFOPLIST_FILE = "SwiftUI-Piano-Recording-Task-Info.plist";
				"INFOPLIST_KEY_UIApplicationSceneManifest_Generation[sdk=iphoneos*]" = YES;
				"INFOPLIST_KEY_UIApplicationSceneManifest_Generation[sdk=iphonesimulator*]" = YES;
				"INFOPLIST_KEY_UIApplicationSupportsIndirectInputEvents[sdk=iphoneos*]" = YES;
				"INFOPLIST_KEY_UIApplicationSupportsIndirectInputEvents[sdk=iphonesimulator*]" = YES;
				"INFOPLIST_KEY_UILaunchScreen_Generation[sdk=iphoneos*]" = YES;
				"INFOPLIST_KEY_UILaunchScreen_Generation[sdk=iphonesimulator*]" = YES;
				"INFOPLIST_KEY_UIStatusBarStyle[sdk=iphoneos*]" = UIStatusBarStyleDefault;
				"INFOPLIST_KEY_UIStatusBarStyle[sdk=iphonesimulator*]" = UIStatusBarStyleDefault;
				INFOPLIST_KEY_UISupportedInterfaceOrientations_iPad = "UIInterfaceOrientationPortrait UIInterfaceOrientationPortraitUpsideDown UIInterfaceOrientationLandscapeLeft UIInterfaceOrientationLandscapeRight";
				INFOPLIST_KEY_UISupportedInterfaceOrientations_iPhone = "UIInterfaceOrientationPortrait UIInterfaceOrientationLandscapeLeft UIInterfaceOrientationLandscapeRight";
				IPHONEOS_DEPLOYMENT_TARGET = 16.4;
				LD_RUNPATH_SEARCH_PATHS = "@executable_path/Frameworks";
				"LD_RUNPATH_SEARCH_PATHS[sdk=macosx*]" = "@executable_path/../Frameworks";
				MACOSX_DEPLOYMENT_TARGET = 13.3;
				MARKETING_VERSION = 1.0;
				PRODUCT_BUNDLE_IDENTIFIER = "com.flowkey.SwiftUI-Piano-Recording-Task";
				PRODUCT_NAME = "$(TARGET_NAME)";
				SDKROOT = auto;
				SUPPORTED_PLATFORMS = "iphoneos iphonesimulator macosx";
				SWIFT_EMIT_LOC_STRINGS = YES;
				SWIFT_VERSION = 5.0;
				TARGETED_DEVICE_FAMILY = "1,2";
			};
			name = Debug;
		};
		5C83C03D2A7D3BF5002B5E41 /* Release */ = {
			isa = XCBuildConfiguration;
			buildSettings = {
				ASSETCATALOG_COMPILER_APPICON_NAME = AppIcon;
				ASSETCATALOG_COMPILER_GLOBAL_ACCENT_COLOR_NAME = AccentColor;
				CODE_SIGN_ENTITLEMENTS = "SwiftUI Piano Recording Task/SwiftUI_Piano_Recording_Task.entitlements";
				CODE_SIGN_STYLE = Automatic;
				CURRENT_PROJECT_VERSION = 1;
				DEVELOPMENT_ASSET_PATHS = "\"SwiftUI Piano Recording Task/Preview Content\"";
				DEVELOPMENT_TEAM = FTSYMMN5B5;
				ENABLE_HARDENED_RUNTIME = YES;
				ENABLE_PREVIEWS = YES;
				GENERATE_INFOPLIST_FILE = YES;
				INFOPLIST_FILE = "SwiftUI-Piano-Recording-Task-Info.plist";
				"INFOPLIST_KEY_UIApplicationSceneManifest_Generation[sdk=iphoneos*]" = YES;
				"INFOPLIST_KEY_UIApplicationSceneManifest_Generation[sdk=iphonesimulator*]" = YES;
				"INFOPLIST_KEY_UIApplicationSupportsIndirectInputEvents[sdk=iphoneos*]" = YES;
				"INFOPLIST_KEY_UIApplicationSupportsIndirectInputEvents[sdk=iphonesimulator*]" = YES;
				"INFOPLIST_KEY_UILaunchScreen_Generation[sdk=iphoneos*]" = YES;
				"INFOPLIST_KEY_UILaunchScreen_Generation[sdk=iphonesimulator*]" = YES;
				"INFOPLIST_KEY_UIStatusBarStyle[sdk=iphoneos*]" = UIStatusBarStyleDefault;
				"INFOPLIST_KEY_UIStatusBarStyle[sdk=iphonesimulator*]" = UIStatusBarStyleDefault;
				INFOPLIST_KEY_UISupportedInterfaceOrientations_iPad = "UIInterfaceOrientationPortrait UIInterfaceOrientationPortraitUpsideDown UIInterfaceOrientationLandscapeLeft UIInterfaceOrientationLandscapeRight";
				INFOPLIST_KEY_UISupportedInterfaceOrientations_iPhone = "UIInterfaceOrientationPortrait UIInterfaceOrientationLandscapeLeft UIInterfaceOrientationLandscapeRight";
				IPHONEOS_DEPLOYMENT_TARGET = 16.4;
				LD_RUNPATH_SEARCH_PATHS = "@executable_path/Frameworks";
				"LD_RUNPATH_SEARCH_PATHS[sdk=macosx*]" = "@executable_path/../Frameworks";
				MACOSX_DEPLOYMENT_TARGET = 13.3;
				MARKETING_VERSION = 1.0;
				PRODUCT_BUNDLE_IDENTIFIER = "com.flowkey.SwiftUI-Piano-Recording-Task";
				PRODUCT_NAME = "$(TARGET_NAME)";
				SDKROOT = auto;
				SUPPORTED_PLATFORMS = "iphoneos iphonesimulator macosx";
				SWIFT_EMIT_LOC_STRINGS = YES;
				SWIFT_VERSION = 5.0;
				TARGETED_DEVICE_FAMILY = "1,2";
			};
			name = Release;
		};
/* End XCBuildConfiguration section */

/* Begin XCConfigurationList section */
		5C83C0272A7D3BF4002B5E41 /* Build configuration list for PBXProject "SwiftUI Piano Recording Task" */ = {
			isa = XCConfigurationList;
			buildConfigurations = (
				5C83C0392A7D3BF5002B5E41 /* Debug */,
				5C83C03A2A7D3BF5002B5E41 /* Release */,
			);
			defaultConfigurationIsVisible = 0;
			defaultConfigurationName = Release;
		};
		5C83C03B2A7D3BF5002B5E41 /* Build configuration list for PBXNativeTarget "SwiftUI Piano Recording Task" */ = {
			isa = XCConfigurationList;
			buildConfigurations = (
				5C83C03C2A7D3BF5002B5E41 /* Debug */,
				5C83C03D2A7D3BF5002B5E41 /* Release */,
			);
			defaultConfigurationIsVisible = 0;
			defaultConfigurationName = Release;
		};
/* End XCConfigurationList section */
	};
	rootObject = 5C83C0242A7D3BF4002B5E41 /* Project object */;
}
